// !$*UTF8*$!
{
	archiveVersion = 1;
	classes = {
	};
	objectVersion = 50;
	objects = {

/* Begin PBXBuildFile section */
		0109E3FD2266228100B19E20 /* TabBarController.swift in Sources */ = {isa = PBXBuildFile; fileRef = 0109E3FC2266228100B19E20 /* TabBarController.swift */; };
		90855BA8CE7044DD1F1F9A01 /* Pods_FlockApp.framework in Frameworks */ = {isa = PBXBuildFile; fileRef = C5C33923AA67CF5C99C66BED /* Pods_FlockApp.framework */; };
		91DF714C225E4A4700707F72 /* EventHomeCollectionViewCell.swift in Sources */ = {isa = PBXBuildFile; fileRef = 91DF714B225E4A4700707F72 /* EventHomeCollectionViewCell.swift */; };
		936AC7BA2266247700CBD407 /* DBService+Friends.swift in Sources */ = {isa = PBXBuildFile; fileRef = 936AC7B92266247700CBD407 /* DBService+Friends.swift */; };
		9383291B225E4D5A00E4568F /* BaseViewController.swift in Sources */ = {isa = PBXBuildFile; fileRef = 9383291A225E4D5A00E4568F /* BaseViewController.swift */; };
		9383291D225E4D6200E4568F /* MenuLauncher.swift in Sources */ = {isa = PBXBuildFile; fileRef = 9383291C225E4D6200E4568F /* MenuLauncher.swift */; };
		9383291F225E4D7C00E4568F /* MenuCollectionViewCell.swift in Sources */ = {isa = PBXBuildFile; fileRef = 9383291E225E4D7C00E4568F /* MenuCollectionViewCell.swift */; };
		939C62DA225E6BC900F93D76 /* EventModel.swift in Sources */ = {isa = PBXBuildFile; fileRef = 939C62D9225E6BC900F93D76 /* EventModel.swift */; };
		939C62DC225E6C4000F93D76 /* DBService+Event.swift in Sources */ = {isa = PBXBuildFile; fileRef = 939C62DB225E6C4000F93D76 /* DBService+Event.swift */; };
		939C62DF225E6D9100F93D76 /* DateViewController.swift in Sources */ = {isa = PBXBuildFile; fileRef = 939C62DE225E6D9100F93D76 /* DateViewController.swift */; };
		939C62E1225E6D9C00F93D76 /* DateView.swift in Sources */ = {isa = PBXBuildFile; fileRef = 939C62E0225E6D9C00F93D76 /* DateView.swift */; };
		93D103F4225FD5F80038C6AA /* ProfileViewController.swift in Sources */ = {isa = PBXBuildFile; fileRef = 93D103F3225FD5F80038C6AA /* ProfileViewController.swift */; };
		93D103F6225FD6060038C6AA /* ProfileView.swift in Sources */ = {isa = PBXBuildFile; fileRef = 93D103F5225FD6060038C6AA /* ProfileView.swift */; };
		93D103F8225FD6210038C6AA /* SettingsViewController.swift in Sources */ = {isa = PBXBuildFile; fileRef = 93D103F7225FD6210038C6AA /* SettingsViewController.swift */; };
		93D103FA225FD62F0038C6AA /* SettingsView.swift in Sources */ = {isa = PBXBuildFile; fileRef = 93D103F9225FD62F0038C6AA /* SettingsView.swift */; };
		93D103FC22611E900038C6AA /* Constants.swift in Sources */ = {isa = PBXBuildFile; fileRef = 93D103FB22611E900038C6AA /* Constants.swift */; };
		93D103FF226132840038C6AA /* JoinViewController.swift in Sources */ = {isa = PBXBuildFile; fileRef = 93D103FE226132840038C6AA /* JoinViewController.swift */; };
		93D104012261329D0038C6AA /* JoinView.swift in Sources */ = {isa = PBXBuildFile; fileRef = 93D104002261329D0038C6AA /* JoinView.swift */; };
		97025F942257EA1100273C91 /* AppDelegate.swift in Sources */ = {isa = PBXBuildFile; fileRef = 97025F932257EA1100273C91 /* AppDelegate.swift */; };
		97025F962257EA1100273C91 /* ViewController.swift in Sources */ = {isa = PBXBuildFile; fileRef = 97025F952257EA1100273C91 /* ViewController.swift */; };
		97025F992257EA1100273C91 /* Main.storyboard in Resources */ = {isa = PBXBuildFile; fileRef = 97025F972257EA1100273C91 /* Main.storyboard */; };
		97025F9B2257EA1200273C91 /* Assets.xcassets in Resources */ = {isa = PBXBuildFile; fileRef = 97025F9A2257EA1200273C91 /* Assets.xcassets */; };
		97025F9E2257EA1200273C91 /* LaunchScreen.storyboard in Resources */ = {isa = PBXBuildFile; fileRef = 97025F9C2257EA1200273C91 /* LaunchScreen.storyboard */; };
		97025FA62257EB6E00273C91 /* GoogleService-Info.plist in Resources */ = {isa = PBXBuildFile; fileRef = 97025FA52257EB6D00273C91 /* GoogleService-Info.plist */; };
		97025FA92257F16E00273C91 /* IBADesignablesViews.swift in Sources */ = {isa = PBXBuildFile; fileRef = 97025FA82257F16E00273C91 /* IBADesignablesViews.swift */; };
		97802CBA225CF527007D480D /* LoginView.storyboard in Resources */ = {isa = PBXBuildFile; fileRef = 97802CB9225CF527007D480D /* LoginView.storyboard */; };
		97802CBD225CF5D3007D480D /* LoginViewController.swift in Sources */ = {isa = PBXBuildFile; fileRef = 97802CBC225CF5D3007D480D /* LoginViewController.swift */; };
		97802CBF225CF5E6007D480D /* CreateAccountViewController.swift in Sources */ = {isa = PBXBuildFile; fileRef = 97802CBE225CF5E6007D480D /* CreateAccountViewController.swift */; };
		97802CC7225CF658007D480D /* AuthService.swift in Sources */ = {isa = PBXBuildFile; fileRef = 97802CC3225CF658007D480D /* AuthService.swift */; };
		97802CC8225CF658007D480D /* DBService+User.swift in Sources */ = {isa = PBXBuildFile; fileRef = 97802CC4225CF658007D480D /* DBService+User.swift */; };
		97802CC9225CF658007D480D /* StorageService.swift in Sources */ = {isa = PBXBuildFile; fileRef = 97802CC5225CF658007D480D /* StorageService.swift */; };
		97802CCA225CF658007D480D /* DBService.swift in Sources */ = {isa = PBXBuildFile; fileRef = 97802CC6225CF658007D480D /* DBService.swift */; };
		97802CCD225CF756007D480D /* String+Date.swift in Sources */ = {isa = PBXBuildFile; fileRef = 97802CCB225CF756007D480D /* String+Date.swift */; };
		97802CCE225CF756007D480D /* Date+Extensions.swift in Sources */ = {isa = PBXBuildFile; fileRef = 97802CCC225CF756007D480D /* Date+Extensions.swift */; };
		97802CD1225CF774007D480D /* UIViewController+Navigation.swift in Sources */ = {isa = PBXBuildFile; fileRef = 97802CCF225CF774007D480D /* UIViewController+Navigation.swift */; };
		97802CD2225CF774007D480D /* UIViewController+Alert.swift in Sources */ = {isa = PBXBuildFile; fileRef = 97802CD0225CF774007D480D /* UIViewController+Alert.swift */; };
		97802CD4225CF7E3007D480D /* UserModel.swift in Sources */ = {isa = PBXBuildFile; fileRef = 97802CD3225CF7E3007D480D /* UserModel.swift */; };
		97802CDC225CFE88007D480D /* FriendsViewController.swift in Sources */ = {isa = PBXBuildFile; fileRef = 97802CDB225CFE88007D480D /* FriendsViewController.swift */; };
		97802CDE225CFE99007D480D /* FriendsView.swift in Sources */ = {isa = PBXBuildFile; fileRef = 97802CDD225CFE99007D480D /* FriendsView.swift */; };
		97802CE0225CFEB3007D480D /* FriendsTableViewCell.swift in Sources */ = {isa = PBXBuildFile; fileRef = 97802CDF225CFEB3007D480D /* FriendsTableViewCell.swift */; };
		97802CE2225CFEF4007D480D /* EventViewController.swift in Sources */ = {isa = PBXBuildFile; fileRef = 97802CE1225CFEF4007D480D /* EventViewController.swift */; };
		97802CE4225CFF0D007D480D /* CreateEditViewController.swift in Sources */ = {isa = PBXBuildFile; fileRef = 97802CE3225CFF0D007D480D /* CreateEditViewController.swift */; };
		97802CE6225CFF16007D480D /* HomeViewController.swift in Sources */ = {isa = PBXBuildFile; fileRef = 97802CE5225CFF16007D480D /* HomeViewController.swift */; };
		97802CE8225CFF27007D480D /* HomeView.swift in Sources */ = {isa = PBXBuildFile; fileRef = 97802CE7225CFF27007D480D /* HomeView.swift */; };
		97802CEA225CFF33007D480D /* CreateEditView.swift in Sources */ = {isa = PBXBuildFile; fileRef = 97802CE9225CFF33007D480D /* CreateEditView.swift */; };
		97802CEC225CFF40007D480D /* EventView.swift in Sources */ = {isa = PBXBuildFile; fileRef = 97802CEB225CFF40007D480D /* EventView.swift */; };
		97802CEE225CFF90007D480D /* EventPeopleTableViewCell.swift in Sources */ = {isa = PBXBuildFile; fileRef = 97802CED225CFF90007D480D /* EventPeopleTableViewCell.swift */; };
		97802CF0225CFFDB007D480D /* CreateEditTableViewCell.swift in Sources */ = {isa = PBXBuildFile; fileRef = 97802CEF225CFFDB007D480D /* CreateEditTableViewCell.swift */; };
		97802CF7225D01EE007D480D /* EventDetailsViewController.swift in Sources */ = {isa = PBXBuildFile; fileRef = 97802CF6225D01EE007D480D /* EventDetailsViewController.swift */; };
		97802CF9225D01F9007D480D /* EventPeopleViewController.swift in Sources */ = {isa = PBXBuildFile; fileRef = 97802CF8225D01F9007D480D /* EventPeopleViewController.swift */; };
		97802CFB225D020D007D480D /* EventPeopleView.swift in Sources */ = {isa = PBXBuildFile; fileRef = 97802CFA225D020D007D480D /* EventPeopleView.swift */; };
		97802CFD225D021A007D480D /* EventDetailsView.swift in Sources */ = {isa = PBXBuildFile; fileRef = 97802CFC225D021A007D480D /* EventDetailsView.swift */; };
		97802CFF225D035E007D480D /* MapViewController.swift in Sources */ = {isa = PBXBuildFile; fileRef = 97802CFE225D035E007D480D /* MapViewController.swift */; };
		97802D01225D0373007D480D /* MapView.swift in Sources */ = {isa = PBXBuildFile; fileRef = 97802D00225D0373007D480D /* MapView.swift */; };
		97802D03225D3010007D480D /* LocationSearchViewController.swift in Sources */ = {isa = PBXBuildFile; fileRef = 97802D02225D3010007D480D /* LocationSearchViewController.swift */; };
		97802D05225D3088007D480D /* LocationSearchView.swift in Sources */ = {isa = PBXBuildFile; fileRef = 97802D04225D3088007D480D /* LocationSearchView.swift */; };
		97802D07225D395C007D480D /* LocationSearchTableViewCell.swift in Sources */ = {isa = PBXBuildFile; fileRef = 97802D06225D395C007D480D /* LocationSearchTableViewCell.swift */; };
		97802D09225D3A2B007D480D /* SecretKeys.swift in Sources */ = {isa = PBXBuildFile; fileRef = 97802D08225D3A2B007D480D /* SecretKeys.swift */; };
		97802D0E225E4993007D480D /* InvitedTableViewCell.swift in Sources */ = {isa = PBXBuildFile; fileRef = 97802D0D225E4993007D480D /* InvitedTableViewCell.swift */; };
		97802D10225E49AD007D480D /* InvitedView.swift in Sources */ = {isa = PBXBuildFile; fileRef = 97802D0F225E49AD007D480D /* InvitedView.swift */; };
		97802D12225E49BA007D480D /* InvitedViewController.swift in Sources */ = {isa = PBXBuildFile; fileRef = 97802D11225E49BA007D480D /* InvitedViewController.swift */; };
		97AD142222650EA800C2E3F7 /* DBService+Invited.swift in Sources */ = {isa = PBXBuildFile; fileRef = 97AD142122650EA700C2E3F7 /* DBService+Invited.swift */; };
		97E4333A226822B500BC519C /* InvitedModel.swift in Sources */ = {isa = PBXBuildFile; fileRef = 97E43339226822B500BC519C /* InvitedModel.swift */; };
/* End PBXBuildFile section */

/* Begin PBXFileReference section */
		0109E3FC2266228100B19E20 /* TabBarController.swift */ = {isa = PBXFileReference; lastKnownFileType = sourcecode.swift; path = TabBarController.swift; sourceTree = "<group>"; };
		682BF4BA13CA0D365D3D99CE /* Pods-FlockApp.debug.xcconfig */ = {isa = PBXFileReference; includeInIndex = 1; lastKnownFileType = text.xcconfig; name = "Pods-FlockApp.debug.xcconfig"; path = "Target Support Files/Pods-FlockApp/Pods-FlockApp.debug.xcconfig"; sourceTree = "<group>"; };
		91DF714B225E4A4700707F72 /* EventHomeCollectionViewCell.swift */ = {isa = PBXFileReference; lastKnownFileType = sourcecode.swift; path = EventHomeCollectionViewCell.swift; sourceTree = "<group>"; };
		936AC7B92266247700CBD407 /* DBService+Friends.swift */ = {isa = PBXFileReference; lastKnownFileType = sourcecode.swift; path = "DBService+Friends.swift"; sourceTree = "<group>"; };
		9383291A225E4D5A00E4568F /* BaseViewController.swift */ = {isa = PBXFileReference; lastKnownFileType = sourcecode.swift; path = BaseViewController.swift; sourceTree = "<group>"; };
		9383291C225E4D6200E4568F /* MenuLauncher.swift */ = {isa = PBXFileReference; lastKnownFileType = sourcecode.swift; path = MenuLauncher.swift; sourceTree = "<group>"; };
		9383291E225E4D7C00E4568F /* MenuCollectionViewCell.swift */ = {isa = PBXFileReference; lastKnownFileType = sourcecode.swift; path = MenuCollectionViewCell.swift; sourceTree = "<group>"; };
		939C62D9225E6BC900F93D76 /* EventModel.swift */ = {isa = PBXFileReference; lastKnownFileType = sourcecode.swift; path = EventModel.swift; sourceTree = "<group>"; };
		939C62DB225E6C4000F93D76 /* DBService+Event.swift */ = {isa = PBXFileReference; lastKnownFileType = sourcecode.swift; path = "DBService+Event.swift"; sourceTree = "<group>"; };
		939C62DE225E6D9100F93D76 /* DateViewController.swift */ = {isa = PBXFileReference; lastKnownFileType = sourcecode.swift; path = DateViewController.swift; sourceTree = "<group>"; };
		939C62E0225E6D9C00F93D76 /* DateView.swift */ = {isa = PBXFileReference; lastKnownFileType = sourcecode.swift; path = DateView.swift; sourceTree = "<group>"; };
		93D103F3225FD5F80038C6AA /* ProfileViewController.swift */ = {isa = PBXFileReference; lastKnownFileType = sourcecode.swift; path = ProfileViewController.swift; sourceTree = "<group>"; };
		93D103F5225FD6060038C6AA /* ProfileView.swift */ = {isa = PBXFileReference; lastKnownFileType = sourcecode.swift; path = ProfileView.swift; sourceTree = "<group>"; };
		93D103F7225FD6210038C6AA /* SettingsViewController.swift */ = {isa = PBXFileReference; lastKnownFileType = sourcecode.swift; path = SettingsViewController.swift; sourceTree = "<group>"; };
		93D103F9225FD62F0038C6AA /* SettingsView.swift */ = {isa = PBXFileReference; lastKnownFileType = sourcecode.swift; path = SettingsView.swift; sourceTree = "<group>"; };
		93D103FB22611E900038C6AA /* Constants.swift */ = {isa = PBXFileReference; lastKnownFileType = sourcecode.swift; path = Constants.swift; sourceTree = "<group>"; };
		93D103FE226132840038C6AA /* JoinViewController.swift */ = {isa = PBXFileReference; lastKnownFileType = sourcecode.swift; path = JoinViewController.swift; sourceTree = "<group>"; };
		93D104002261329D0038C6AA /* JoinView.swift */ = {isa = PBXFileReference; lastKnownFileType = sourcecode.swift; path = JoinView.swift; sourceTree = "<group>"; };
		97025F902257EA1100273C91 /* FlockApp.app */ = {isa = PBXFileReference; explicitFileType = wrapper.application; includeInIndex = 0; path = FlockApp.app; sourceTree = BUILT_PRODUCTS_DIR; };
		97025F932257EA1100273C91 /* AppDelegate.swift */ = {isa = PBXFileReference; lastKnownFileType = sourcecode.swift; path = AppDelegate.swift; sourceTree = "<group>"; };
		97025F952257EA1100273C91 /* ViewController.swift */ = {isa = PBXFileReference; lastKnownFileType = sourcecode.swift; path = ViewController.swift; sourceTree = "<group>"; };
		97025F982257EA1100273C91 /* Base */ = {isa = PBXFileReference; lastKnownFileType = file.storyboard; name = Base; path = Base.lproj/Main.storyboard; sourceTree = "<group>"; };
		97025F9A2257EA1200273C91 /* Assets.xcassets */ = {isa = PBXFileReference; lastKnownFileType = folder.assetcatalog; path = Assets.xcassets; sourceTree = "<group>"; };
		97025F9D2257EA1200273C91 /* Base */ = {isa = PBXFileReference; lastKnownFileType = file.storyboard; name = Base; path = Base.lproj/LaunchScreen.storyboard; sourceTree = "<group>"; };
		97025F9F2257EA1200273C91 /* Info.plist */ = {isa = PBXFileReference; lastKnownFileType = text.plist.xml; path = Info.plist; sourceTree = "<group>"; };
		97025FA52257EB6D00273C91 /* GoogleService-Info.plist */ = {isa = PBXFileReference; fileEncoding = 4; lastKnownFileType = text.plist.xml; path = "GoogleService-Info.plist"; sourceTree = "<group>"; };
		97025FA82257F16E00273C91 /* IBADesignablesViews.swift */ = {isa = PBXFileReference; lastKnownFileType = sourcecode.swift; path = IBADesignablesViews.swift; sourceTree = "<group>"; };
		97802CB9225CF527007D480D /* LoginView.storyboard */ = {isa = PBXFileReference; fileEncoding = 4; lastKnownFileType = file.storyboard; path = LoginView.storyboard; sourceTree = "<group>"; };
		97802CBC225CF5D3007D480D /* LoginViewController.swift */ = {isa = PBXFileReference; fileEncoding = 4; lastKnownFileType = sourcecode.swift; path = LoginViewController.swift; sourceTree = "<group>"; };
		97802CBE225CF5E6007D480D /* CreateAccountViewController.swift */ = {isa = PBXFileReference; fileEncoding = 4; lastKnownFileType = sourcecode.swift; path = CreateAccountViewController.swift; sourceTree = "<group>"; };
		97802CC3225CF658007D480D /* AuthService.swift */ = {isa = PBXFileReference; fileEncoding = 4; lastKnownFileType = sourcecode.swift; path = AuthService.swift; sourceTree = "<group>"; };
		97802CC4225CF658007D480D /* DBService+User.swift */ = {isa = PBXFileReference; fileEncoding = 4; lastKnownFileType = sourcecode.swift; path = "DBService+User.swift"; sourceTree = "<group>"; };
		97802CC5225CF658007D480D /* StorageService.swift */ = {isa = PBXFileReference; fileEncoding = 4; lastKnownFileType = sourcecode.swift; path = StorageService.swift; sourceTree = "<group>"; };
		97802CC6225CF658007D480D /* DBService.swift */ = {isa = PBXFileReference; fileEncoding = 4; lastKnownFileType = sourcecode.swift; path = DBService.swift; sourceTree = "<group>"; };
		97802CCB225CF756007D480D /* String+Date.swift */ = {isa = PBXFileReference; fileEncoding = 4; lastKnownFileType = sourcecode.swift; path = "String+Date.swift"; sourceTree = "<group>"; };
		97802CCC225CF756007D480D /* Date+Extensions.swift */ = {isa = PBXFileReference; fileEncoding = 4; lastKnownFileType = sourcecode.swift; path = "Date+Extensions.swift"; sourceTree = "<group>"; };
		97802CCF225CF774007D480D /* UIViewController+Navigation.swift */ = {isa = PBXFileReference; fileEncoding = 4; lastKnownFileType = sourcecode.swift; path = "UIViewController+Navigation.swift"; sourceTree = "<group>"; };
		97802CD0225CF774007D480D /* UIViewController+Alert.swift */ = {isa = PBXFileReference; fileEncoding = 4; lastKnownFileType = sourcecode.swift; path = "UIViewController+Alert.swift"; sourceTree = "<group>"; };
		97802CD3225CF7E3007D480D /* UserModel.swift */ = {isa = PBXFileReference; fileEncoding = 4; lastKnownFileType = sourcecode.swift; path = UserModel.swift; sourceTree = "<group>"; };
		97802CDB225CFE88007D480D /* FriendsViewController.swift */ = {isa = PBXFileReference; lastKnownFileType = sourcecode.swift; path = FriendsViewController.swift; sourceTree = "<group>"; };
		97802CDD225CFE99007D480D /* FriendsView.swift */ = {isa = PBXFileReference; lastKnownFileType = sourcecode.swift; path = FriendsView.swift; sourceTree = "<group>"; };
		97802CDF225CFEB3007D480D /* FriendsTableViewCell.swift */ = {isa = PBXFileReference; lastKnownFileType = sourcecode.swift; path = FriendsTableViewCell.swift; sourceTree = "<group>"; };
		97802CE1225CFEF4007D480D /* EventViewController.swift */ = {isa = PBXFileReference; lastKnownFileType = sourcecode.swift; path = EventViewController.swift; sourceTree = "<group>"; };
		97802CE3225CFF0D007D480D /* CreateEditViewController.swift */ = {isa = PBXFileReference; lastKnownFileType = sourcecode.swift; path = CreateEditViewController.swift; sourceTree = "<group>"; };
		97802CE5225CFF16007D480D /* HomeViewController.swift */ = {isa = PBXFileReference; lastKnownFileType = sourcecode.swift; path = HomeViewController.swift; sourceTree = "<group>"; };
		97802CE7225CFF27007D480D /* HomeView.swift */ = {isa = PBXFileReference; lastKnownFileType = sourcecode.swift; path = HomeView.swift; sourceTree = "<group>"; };
		97802CE9225CFF33007D480D /* CreateEditView.swift */ = {isa = PBXFileReference; lastKnownFileType = sourcecode.swift; path = CreateEditView.swift; sourceTree = "<group>"; };
		97802CEB225CFF40007D480D /* EventView.swift */ = {isa = PBXFileReference; lastKnownFileType = sourcecode.swift; path = EventView.swift; sourceTree = "<group>"; };
		97802CED225CFF90007D480D /* EventPeopleTableViewCell.swift */ = {isa = PBXFileReference; lastKnownFileType = sourcecode.swift; path = EventPeopleTableViewCell.swift; sourceTree = "<group>"; };
		97802CEF225CFFDB007D480D /* CreateEditTableViewCell.swift */ = {isa = PBXFileReference; lastKnownFileType = sourcecode.swift; path = CreateEditTableViewCell.swift; sourceTree = "<group>"; };
		97802CF6225D01EE007D480D /* EventDetailsViewController.swift */ = {isa = PBXFileReference; lastKnownFileType = sourcecode.swift; path = EventDetailsViewController.swift; sourceTree = "<group>"; };
		97802CF8225D01F9007D480D /* EventPeopleViewController.swift */ = {isa = PBXFileReference; lastKnownFileType = sourcecode.swift; path = EventPeopleViewController.swift; sourceTree = "<group>"; };
		97802CFA225D020D007D480D /* EventPeopleView.swift */ = {isa = PBXFileReference; lastKnownFileType = sourcecode.swift; path = EventPeopleView.swift; sourceTree = "<group>"; };
		97802CFC225D021A007D480D /* EventDetailsView.swift */ = {isa = PBXFileReference; lastKnownFileType = sourcecode.swift; path = EventDetailsView.swift; sourceTree = "<group>"; };
		97802CFE225D035E007D480D /* MapViewController.swift */ = {isa = PBXFileReference; lastKnownFileType = sourcecode.swift; path = MapViewController.swift; sourceTree = "<group>"; };
		97802D00225D0373007D480D /* MapView.swift */ = {isa = PBXFileReference; lastKnownFileType = sourcecode.swift; path = MapView.swift; sourceTree = "<group>"; };
		97802D02225D3010007D480D /* LocationSearchViewController.swift */ = {isa = PBXFileReference; lastKnownFileType = sourcecode.swift; path = LocationSearchViewController.swift; sourceTree = "<group>"; };
		97802D04225D3088007D480D /* LocationSearchView.swift */ = {isa = PBXFileReference; lastKnownFileType = sourcecode.swift; path = LocationSearchView.swift; sourceTree = "<group>"; };
		97802D06225D395C007D480D /* LocationSearchTableViewCell.swift */ = {isa = PBXFileReference; lastKnownFileType = sourcecode.swift; path = LocationSearchTableViewCell.swift; sourceTree = "<group>"; };
		97802D08225D3A2B007D480D /* SecretKeys.swift */ = {isa = PBXFileReference; lastKnownFileType = sourcecode.swift; path = SecretKeys.swift; sourceTree = "<group>"; };
		97802D0D225E4993007D480D /* InvitedTableViewCell.swift */ = {isa = PBXFileReference; lastKnownFileType = sourcecode.swift; path = InvitedTableViewCell.swift; sourceTree = "<group>"; };
		97802D0F225E49AD007D480D /* InvitedView.swift */ = {isa = PBXFileReference; lastKnownFileType = sourcecode.swift; path = InvitedView.swift; sourceTree = "<group>"; };
		97802D11225E49BA007D480D /* InvitedViewController.swift */ = {isa = PBXFileReference; lastKnownFileType = sourcecode.swift; path = InvitedViewController.swift; sourceTree = "<group>"; };
		97AD142122650EA700C2E3F7 /* DBService+Invited.swift */ = {isa = PBXFileReference; lastKnownFileType = sourcecode.swift; path = "DBService+Invited.swift"; sourceTree = "<group>"; };
		97E43339226822B500BC519C /* InvitedModel.swift */ = {isa = PBXFileReference; lastKnownFileType = sourcecode.swift; path = InvitedModel.swift; sourceTree = "<group>"; };
		C5C33923AA67CF5C99C66BED /* Pods_FlockApp.framework */ = {isa = PBXFileReference; explicitFileType = wrapper.framework; includeInIndex = 0; path = Pods_FlockApp.framework; sourceTree = BUILT_PRODUCTS_DIR; };
		CC7C799A184F28588052BCD1 /* Pods-FlockApp.release.xcconfig */ = {isa = PBXFileReference; includeInIndex = 1; lastKnownFileType = text.xcconfig; name = "Pods-FlockApp.release.xcconfig"; path = "Target Support Files/Pods-FlockApp/Pods-FlockApp.release.xcconfig"; sourceTree = "<group>"; };
/* End PBXFileReference section */

/* Begin PBXFrameworksBuildPhase section */
		97025F8D2257EA1100273C91 /* Frameworks */ = {
			isa = PBXFrameworksBuildPhase;
			buildActionMask = 2147483647;
			files = (
				90855BA8CE7044DD1F1F9A01 /* Pods_FlockApp.framework in Frameworks */,
			);
			runOnlyForDeploymentPostprocessing = 0;
		};
/* End PBXFrameworksBuildPhase section */

/* Begin PBXGroup section */
		16489800E44013F2CACB43CF /* Pods */ = {
			isa = PBXGroup;
			children = (
				682BF4BA13CA0D365D3D99CE /* Pods-FlockApp.debug.xcconfig */,
				CC7C799A184F28588052BCD1 /* Pods-FlockApp.release.xcconfig */,
			);
			path = Pods;
			sourceTree = "<group>";
		};
		93832919225E4D3800E4568F /* Menu */ = {
			isa = PBXGroup;
			children = (
				9383291A225E4D5A00E4568F /* BaseViewController.swift */,
				9383291C225E4D6200E4568F /* MenuLauncher.swift */,
				9383291E225E4D7C00E4568F /* MenuCollectionViewCell.swift */,
			);
			path = Menu;
			sourceTree = "<group>";
		};
		939C62DD225E6D6C00F93D76 /* Date */ = {
			isa = PBXGroup;
			children = (
				939C62DE225E6D9100F93D76 /* DateViewController.swift */,
				939C62E0225E6D9C00F93D76 /* DateView.swift */,
			);
			path = Date;
			sourceTree = "<group>";
		};
		93D103F1225FD59D0038C6AA /* Profile */ = {
			isa = PBXGroup;
			children = (
				93D103F3225FD5F80038C6AA /* ProfileViewController.swift */,
				93D103F5225FD6060038C6AA /* ProfileView.swift */,
			);
			path = Profile;
			sourceTree = "<group>";
		};
		93D103F2225FD5C30038C6AA /* Settings */ = {
			isa = PBXGroup;
			children = (
				93D103F7225FD6210038C6AA /* SettingsViewController.swift */,
				93D103F9225FD62F0038C6AA /* SettingsView.swift */,
			);
			path = Settings;
			sourceTree = "<group>";
		};
		93D103FD2261324D0038C6AA /* Join */ = {
			isa = PBXGroup;
			children = (
				93D103FE226132840038C6AA /* JoinViewController.swift */,
				93D104002261329D0038C6AA /* JoinView.swift */,
			);
			path = Join;
			sourceTree = "<group>";
		};
		97025F872257EA1100273C91 = {
			isa = PBXGroup;
			children = (
				97025F922257EA1100273C91 /* FlockApp */,
				97025F912257EA1100273C91 /* Products */,
				16489800E44013F2CACB43CF /* Pods */,
				BAA7EF280003BEA21B99454E /* Frameworks */,
			);
			sourceTree = "<group>";
		};
		97025F912257EA1100273C91 /* Products */ = {
			isa = PBXGroup;
			children = (
				97025F902257EA1100273C91 /* FlockApp.app */,
			);
			name = Products;
			sourceTree = "<group>";
		};
		97025F922257EA1100273C91 /* FlockApp */ = {
			isa = PBXGroup;
			children = (
				97802CB1225CEB95007D480D /* Groups */,
				97802CB4225CED7A007D480D /* Models */,
				97802CB5225CED88007D480D /* FireBase Helpers */,
				97802CB6225CF0EF007D480D /* Extensions */,
				97025FA72257F15500273C91 /* Utilities */,
				97802CB3225CEB9C007D480D /* Storyboard */,
				97025F932257EA1100273C91 /* AppDelegate.swift */,
				97025F9A2257EA1200273C91 /* Assets.xcassets */,
				97025F9C2257EA1200273C91 /* LaunchScreen.storyboard */,
				97025F9F2257EA1200273C91 /* Info.plist */,
				97025FA52257EB6D00273C91 /* GoogleService-Info.plist */,
			);
			path = FlockApp;
			sourceTree = "<group>";
		};
		97025FA72257F15500273C91 /* Utilities */ = {
			isa = PBXGroup;
			children = (
				97025FA82257F16E00273C91 /* IBADesignablesViews.swift */,
				97802D08225D3A2B007D480D /* SecretKeys.swift */,
			);
			path = Utilities;
			sourceTree = "<group>";
		};
		97802CB1225CEB95007D480D /* Groups */ = {
			isa = PBXGroup;
			children = (
				97025F952257EA1100273C91 /* ViewController.swift */,
				0109E3FC2266228100B19E20 /* TabBarController.swift */,
				97802CB2225CEB98007D480D /* Account Login */,
				97802CD6225CFD74007D480D /* Home */,
				97802CD8225CFD98007D480D /* Create Edit */,
				93D103FD2261324D0038C6AA /* Join */,
				97802CD9225CFDC2007D480D /* Event */,
				97802CDA225CFE37007D480D /* Friends */,
				93D103F1225FD59D0038C6AA /* Profile */,
				93D103F2225FD5C30038C6AA /* Settings */,
				93832919225E4D3800E4568F /* Menu */,
			);
			path = Groups;
			sourceTree = "<group>";
		};
		97802CB2225CEB98007D480D /* Account Login */ = {
			isa = PBXGroup;
			children = (
				97802CBB225CF573007D480D /* Account Login View Controllers */,
			);
			path = "Account Login";
			sourceTree = "<group>";
		};
		97802CB3225CEB9C007D480D /* Storyboard */ = {
			isa = PBXGroup;
			children = (
				97025F972257EA1100273C91 /* Main.storyboard */,
				97802CB9225CF527007D480D /* LoginView.storyboard */,
			);
			path = Storyboard;
			sourceTree = "<group>";
		};
		97802CB4225CED7A007D480D /* Models */ = {
			isa = PBXGroup;
			children = (
				97802CD3225CF7E3007D480D /* UserModel.swift */,
				97E43339226822B500BC519C /* InvitedModel.swift */,
				939C62D9225E6BC900F93D76 /* EventModel.swift */,
			);
			path = Models;
			sourceTree = "<group>";
		};
		97802CB5225CED88007D480D /* FireBase Helpers */ = {
			isa = PBXGroup;
			children = (
				97802CC3225CF658007D480D /* AuthService.swift */,
				97802CC6225CF658007D480D /* DBService.swift */,
				97802CC4225CF658007D480D /* DBService+User.swift */,
				939C62DB225E6C4000F93D76 /* DBService+Event.swift */,
				97AD142122650EA700C2E3F7 /* DBService+Invited.swift */,
				936AC7B92266247700CBD407 /* DBService+Friends.swift */,
				97802CC5225CF658007D480D /* StorageService.swift */,
				93D103FB22611E900038C6AA /* Constants.swift */,
			);
			path = "FireBase Helpers";
			sourceTree = "<group>";
		};
		97802CB6225CF0EF007D480D /* Extensions */ = {
			isa = PBXGroup;
			children = (
				97802CB8225CF103007D480D /* UIViewController Extensions */,
				97802CB7225CF0FF007D480D /* Date Extensions */,
			);
			path = Extensions;
			sourceTree = "<group>";
		};
		97802CB7225CF0FF007D480D /* Date Extensions */ = {
			isa = PBXGroup;
			children = (
				97802CCC225CF756007D480D /* Date+Extensions.swift */,
				97802CCB225CF756007D480D /* String+Date.swift */,
			);
			path = "Date Extensions";
			sourceTree = "<group>";
		};
		97802CB8225CF103007D480D /* UIViewController Extensions */ = {
			isa = PBXGroup;
			children = (
				97802CD0225CF774007D480D /* UIViewController+Alert.swift */,
				97802CCF225CF774007D480D /* UIViewController+Navigation.swift */,
			);
			path = "UIViewController Extensions";
			sourceTree = "<group>";
		};
		97802CBB225CF573007D480D /* Account Login View Controllers */ = {
			isa = PBXGroup;
			children = (
				97802CBC225CF5D3007D480D /* LoginViewController.swift */,
				97802CBE225CF5E6007D480D /* CreateAccountViewController.swift */,
			);
			path = "Account Login View Controllers";
			sourceTree = "<group>";
		};
		97802CD6225CFD74007D480D /* Home */ = {
			isa = PBXGroup;
			children = (
				97802CE5225CFF16007D480D /* HomeViewController.swift */,
				97802CE7225CFF27007D480D /* HomeView.swift */,
				91DF714B225E4A4700707F72 /* EventHomeCollectionViewCell.swift */,
			);
			path = Home;
			sourceTree = "<group>";
		};
		97802CD8225CFD98007D480D /* Create Edit */ = {
			isa = PBXGroup;
			children = (
				97802D0A225E492E007D480D /* Main */,
				97802D0B225E4946007D480D /* Location */,
				97802D0C225E4957007D480D /* Invite */,
				939C62DD225E6D6C00F93D76 /* Date */,
			);
			path = "Create Edit";
			sourceTree = "<group>";
		};
		97802CD9225CFDC2007D480D /* Event */ = {
			isa = PBXGroup;
			children = (
				97802CF3225D0117007D480D /* Main */,
				97802CF4225D017D007D480D /* Details */,
				97802CF5225D01BA007D480D /* People */,
			);
			path = Event;
			sourceTree = "<group>";
		};
		97802CDA225CFE37007D480D /* Friends */ = {
			isa = PBXGroup;
			children = (
				97802CDB225CFE88007D480D /* FriendsViewController.swift */,
				97802CDD225CFE99007D480D /* FriendsView.swift */,
				97802CDF225CFEB3007D480D /* FriendsTableViewCell.swift */,
			);
			path = Friends;
			sourceTree = "<group>";
		};
		97802CF3225D0117007D480D /* Main */ = {
			isa = PBXGroup;
			children = (
				97802CE1225CFEF4007D480D /* EventViewController.swift */,
				97802CEB225CFF40007D480D /* EventView.swift */,
			);
			path = Main;
			sourceTree = "<group>";
		};
		97802CF4225D017D007D480D /* Details */ = {
			isa = PBXGroup;
			children = (
				97802CF6225D01EE007D480D /* EventDetailsViewController.swift */,
				97802CFC225D021A007D480D /* EventDetailsView.swift */,
				97802CFE225D035E007D480D /* MapViewController.swift */,
				97802D00225D0373007D480D /* MapView.swift */,
			);
			path = Details;
			sourceTree = "<group>";
		};
		97802CF5225D01BA007D480D /* People */ = {
			isa = PBXGroup;
			children = (
				97802CF8225D01F9007D480D /* EventPeopleViewController.swift */,
				97802CFA225D020D007D480D /* EventPeopleView.swift */,
				97802CED225CFF90007D480D /* EventPeopleTableViewCell.swift */,
			);
			path = People;
			sourceTree = "<group>";
		};
		97802D0A225E492E007D480D /* Main */ = {
			isa = PBXGroup;
			children = (
				97802CE3225CFF0D007D480D /* CreateEditViewController.swift */,
				97802CE9225CFF33007D480D /* CreateEditView.swift */,
				97802CEF225CFFDB007D480D /* CreateEditTableViewCell.swift */,
			);
			path = Main;
			sourceTree = "<group>";
		};
		97802D0B225E4946007D480D /* Location */ = {
			isa = PBXGroup;
			children = (
				97802D02225D3010007D480D /* LocationSearchViewController.swift */,
				97802D04225D3088007D480D /* LocationSearchView.swift */,
				97802D06225D395C007D480D /* LocationSearchTableViewCell.swift */,
			);
			path = Location;
			sourceTree = "<group>";
		};
		97802D0C225E4957007D480D /* Invite */ = {
			isa = PBXGroup;
			children = (
				97802D11225E49BA007D480D /* InvitedViewController.swift */,
				97802D0F225E49AD007D480D /* InvitedView.swift */,
				97802D0D225E4993007D480D /* InvitedTableViewCell.swift */,
			);
			path = Invite;
			sourceTree = "<group>";
		};
		BAA7EF280003BEA21B99454E /* Frameworks */ = {
			isa = PBXGroup;
			children = (
				C5C33923AA67CF5C99C66BED /* Pods_FlockApp.framework */,
			);
			name = Frameworks;
			sourceTree = "<group>";
		};
/* End PBXGroup section */

/* Begin PBXNativeTarget section */
		97025F8F2257EA1100273C91 /* FlockApp */ = {
			isa = PBXNativeTarget;
			buildConfigurationList = 97025FA22257EA1200273C91 /* Build configuration list for PBXNativeTarget "FlockApp" */;
			buildPhases = (
				3A7C36CD659252B2BE74C92B /* [CP] Check Pods Manifest.lock */,
				97025F8C2257EA1100273C91 /* Sources */,
				97025F8D2257EA1100273C91 /* Frameworks */,
				97025F8E2257EA1100273C91 /* Resources */,
				54574E69679FF09DCCDD251D /* [CP] Embed Pods Frameworks */,
				5C777DB73364490E1CC045DB /* [CP] Copy Pods Resources */,
			);
			buildRules = (
			);
			dependencies = (
			);
			name = FlockApp;
			productName = FlockApp;
			productReference = 97025F902257EA1100273C91 /* FlockApp.app */;
			productType = "com.apple.product-type.application";
		};
/* End PBXNativeTarget section */

/* Begin PBXProject section */
		97025F882257EA1100273C91 /* Project object */ = {
			isa = PBXProject;
			attributes = {
				LastSwiftUpdateCheck = 1010;
				LastUpgradeCheck = 1010;
				TargetAttributes = {
					97025F8F2257EA1100273C91 = {
						CreatedOnToolsVersion = 10.1;
					};
				};
			};
			buildConfigurationList = 97025F8B2257EA1100273C91 /* Build configuration list for PBXProject "FlockApp" */;
			compatibilityVersion = "Xcode 9.3";
			developmentRegion = en;
			hasScannedForEncodings = 0;
			knownRegions = (
				en,
				Base,
			);
			mainGroup = 97025F872257EA1100273C91;
			productRefGroup = 97025F912257EA1100273C91 /* Products */;
			projectDirPath = "";
			projectRoot = "";
			targets = (
				97025F8F2257EA1100273C91 /* FlockApp */,
			);
		};
/* End PBXProject section */

/* Begin PBXResourcesBuildPhase section */
		97025F8E2257EA1100273C91 /* Resources */ = {
			isa = PBXResourcesBuildPhase;
			buildActionMask = 2147483647;
			files = (
				97025F9E2257EA1200273C91 /* LaunchScreen.storyboard in Resources */,
				97025FA62257EB6E00273C91 /* GoogleService-Info.plist in Resources */,
				97025F9B2257EA1200273C91 /* Assets.xcassets in Resources */,
				97025F992257EA1100273C91 /* Main.storyboard in Resources */,
				97802CBA225CF527007D480D /* LoginView.storyboard in Resources */,
			);
			runOnlyForDeploymentPostprocessing = 0;
		};
/* End PBXResourcesBuildPhase section */

/* Begin PBXShellScriptBuildPhase section */
		3A7C36CD659252B2BE74C92B /* [CP] Check Pods Manifest.lock */ = {
			isa = PBXShellScriptBuildPhase;
			buildActionMask = 2147483647;
			files = (
			);
			inputFileListPaths = (
			);
			inputPaths = (
				"${PODS_PODFILE_DIR_PATH}/Podfile.lock",
				"${PODS_ROOT}/Manifest.lock",
			);
			name = "[CP] Check Pods Manifest.lock";
			outputFileListPaths = (
			);
			outputPaths = (
				"$(DERIVED_FILE_DIR)/Pods-FlockApp-checkManifestLockResult.txt",
			);
			runOnlyForDeploymentPostprocessing = 0;
			shellPath = /bin/sh;
			shellScript = "diff \"${PODS_PODFILE_DIR_PATH}/Podfile.lock\" \"${PODS_ROOT}/Manifest.lock\" > /dev/null\nif [ $? != 0 ] ; then\n    # print error to STDERR\n    echo \"error: The sandbox is not in sync with the Podfile.lock. Run 'pod install' or update your CocoaPods installation.\" >&2\n    exit 1\nfi\n# This output is used by Xcode 'outputs' to avoid re-running this script phase.\necho \"SUCCESS\" > \"${SCRIPT_OUTPUT_FILE_0}\"\n";
			showEnvVarsInLog = 0;
		};
		54574E69679FF09DCCDD251D /* [CP] Embed Pods Frameworks */ = {
			isa = PBXShellScriptBuildPhase;
			buildActionMask = 2147483647;
			files = (
			);
			inputFileListPaths = (
			);
			inputPaths = (
				"${PODS_ROOT}/Target Support Files/Pods-FlockApp/Pods-FlockApp-frameworks.sh",
				"${BUILT_PRODUCTS_DIR}/BoringSSL-GRPC/openssl_grpc.framework",
				"${BUILT_PRODUCTS_DIR}/GTMSessionFetcher/GTMSessionFetcher.framework",
				"${BUILT_PRODUCTS_DIR}/GoogleUtilities/GoogleUtilities.framework",
				"${BUILT_PRODUCTS_DIR}/Kingfisher/Kingfisher.framework",
				"${BUILT_PRODUCTS_DIR}/Protobuf/Protobuf.framework",
				"${BUILT_PRODUCTS_DIR}/SnapKit/SnapKit.framework",
				"${BUILT_PRODUCTS_DIR}/Toucan/Toucan.framework",
				"${BUILT_PRODUCTS_DIR}/gRPC-C++/grpcpp.framework",
				"${BUILT_PRODUCTS_DIR}/gRPC-Core/grpc.framework",
				"${BUILT_PRODUCTS_DIR}/leveldb-library/leveldb.framework",
				"${BUILT_PRODUCTS_DIR}/nanopb/nanopb.framework",
			);
			name = "[CP] Embed Pods Frameworks";
			outputFileListPaths = (
			);
			outputPaths = (
				"${TARGET_BUILD_DIR}/${FRAMEWORKS_FOLDER_PATH}/openssl_grpc.framework",
				"${TARGET_BUILD_DIR}/${FRAMEWORKS_FOLDER_PATH}/GTMSessionFetcher.framework",
				"${TARGET_BUILD_DIR}/${FRAMEWORKS_FOLDER_PATH}/GoogleUtilities.framework",
				"${TARGET_BUILD_DIR}/${FRAMEWORKS_FOLDER_PATH}/Kingfisher.framework",
				"${TARGET_BUILD_DIR}/${FRAMEWORKS_FOLDER_PATH}/Protobuf.framework",
				"${TARGET_BUILD_DIR}/${FRAMEWORKS_FOLDER_PATH}/SnapKit.framework",
				"${TARGET_BUILD_DIR}/${FRAMEWORKS_FOLDER_PATH}/Toucan.framework",
				"${TARGET_BUILD_DIR}/${FRAMEWORKS_FOLDER_PATH}/grpcpp.framework",
				"${TARGET_BUILD_DIR}/${FRAMEWORKS_FOLDER_PATH}/grpc.framework",
				"${TARGET_BUILD_DIR}/${FRAMEWORKS_FOLDER_PATH}/leveldb.framework",
				"${TARGET_BUILD_DIR}/${FRAMEWORKS_FOLDER_PATH}/nanopb.framework",
			);
			runOnlyForDeploymentPostprocessing = 0;
			shellPath = /bin/sh;
			shellScript = "\"${PODS_ROOT}/Target Support Files/Pods-FlockApp/Pods-FlockApp-frameworks.sh\"\n";
			showEnvVarsInLog = 0;
		};
		5C777DB73364490E1CC045DB /* [CP] Copy Pods Resources */ = {
			isa = PBXShellScriptBuildPhase;
			buildActionMask = 2147483647;
			files = (
			);
			inputFileListPaths = (
			);
			inputPaths = (
				"${PODS_ROOT}/Target Support Files/Pods-FlockApp/Pods-FlockApp-resources.sh",
				"${PODS_ROOT}/GoogleMaps/Maps/Frameworks/GoogleMaps.framework/Resources/GoogleMaps.bundle",
			);
			name = "[CP] Copy Pods Resources";
			outputFileListPaths = (
			);
			outputPaths = (
				"${TARGET_BUILD_DIR}/${UNLOCALIZED_RESOURCES_FOLDER_PATH}/GoogleMaps.bundle",
			);
			runOnlyForDeploymentPostprocessing = 0;
			shellPath = /bin/sh;
			shellScript = "\"${PODS_ROOT}/Target Support Files/Pods-FlockApp/Pods-FlockApp-resources.sh\"\n";
			showEnvVarsInLog = 0;
		};
/* End PBXShellScriptBuildPhase section */

/* Begin PBXSourcesBuildPhase section */
		97025F8C2257EA1100273C91 /* Sources */ = {
			isa = PBXSourcesBuildPhase;
			buildActionMask = 2147483647;
			files = (
				97802CFF225D035E007D480D /* MapViewController.swift in Sources */,
				97802D01225D0373007D480D /* MapView.swift in Sources */,
				97802CEE225CFF90007D480D /* EventPeopleTableViewCell.swift in Sources */,
				93D104012261329D0038C6AA /* JoinView.swift in Sources */,
				97802CEA225CFF33007D480D /* CreateEditView.swift in Sources */,
				97802D09225D3A2B007D480D /* SecretKeys.swift in Sources */,
				93D103FF226132840038C6AA /* JoinViewController.swift in Sources */,
				97802D0E225E4993007D480D /* InvitedTableViewCell.swift in Sources */,
				9383291D225E4D6200E4568F /* MenuLauncher.swift in Sources */,
				97802CD1225CF774007D480D /* UIViewController+Navigation.swift in Sources */,
				93D103F4225FD5F80038C6AA /* ProfileViewController.swift in Sources */,
				97802CE4225CFF0D007D480D /* CreateEditViewController.swift in Sources */,
				97802CE0225CFEB3007D480D /* FriendsTableViewCell.swift in Sources */,
				0109E3FD2266228100B19E20 /* TabBarController.swift in Sources */,
				91DF714C225E4A4700707F72 /* EventHomeCollectionViewCell.swift in Sources */,
				97802CCD225CF756007D480D /* String+Date.swift in Sources */,
				97802CFB225D020D007D480D /* EventPeopleView.swift in Sources */,
				9383291B225E4D5A00E4568F /* BaseViewController.swift in Sources */,
				93D103FA225FD62F0038C6AA /* SettingsView.swift in Sources */,
				97802CCE225CF756007D480D /* Date+Extensions.swift in Sources */,
				97802CD2225CF774007D480D /* UIViewController+Alert.swift in Sources */,
				97802CE2225CFEF4007D480D /* EventViewController.swift in Sources */,
				97802CBF225CF5E6007D480D /* CreateAccountViewController.swift in Sources */,
				9383291F225E4D7C00E4568F /* MenuCollectionViewCell.swift in Sources */,
				97802CDE225CFE99007D480D /* FriendsView.swift in Sources */,
				97E4333A226822B500BC519C /* InvitedModel.swift in Sources */,
				97802CF9225D01F9007D480D /* EventPeopleViewController.swift in Sources */,
				97802D03225D3010007D480D /* LocationSearchViewController.swift in Sources */,
				97802CBD225CF5D3007D480D /* LoginViewController.swift in Sources */,
				97025F962257EA1100273C91 /* ViewController.swift in Sources */,
				939C62E1225E6D9C00F93D76 /* DateView.swift in Sources */,
				97802CF0225CFFDB007D480D /* CreateEditTableViewCell.swift in Sources */,
				939C62DF225E6D9100F93D76 /* DateViewController.swift in Sources */,
				97802CF7225D01EE007D480D /* EventDetailsViewController.swift in Sources */,
				97802CC7225CF658007D480D /* AuthService.swift in Sources */,
				93D103F8225FD6210038C6AA /* SettingsViewController.swift in Sources */,
				97802CD4225CF7E3007D480D /* UserModel.swift in Sources */,
				939C62DA225E6BC900F93D76 /* EventModel.swift in Sources */,
				97802CDC225CFE88007D480D /* FriendsViewController.swift in Sources */,
				97802CDC225CFE88007D480D /* FriendsViewController.swift in Sources */,
				93D103FC22611E900038C6AA /* Constants.swift in Sources */,
				97025FA92257F16E00273C91 /* IBADesignablesViews.swift in Sources */,
				97802D05225D3088007D480D /* LocationSearchView.swift in Sources */,
				97802D12225E49BA007D480D /* InvitedViewController.swift in Sources */,
				97802CE8225CFF27007D480D /* HomeView.swift in Sources */,
				97802CE6225CFF16007D480D /* HomeViewController.swift in Sources */,
				97802D07225D395C007D480D /* LocationSearchTableViewCell.swift in Sources */,
				939C62DC225E6C4000F93D76 /* DBService+Event.swift in Sources */,
				97AD142222650EA800C2E3F7 /* DBService+Invited.swift in Sources */,
				93D103F6225FD6060038C6AA /* ProfileView.swift in Sources */,
				97802CC9225CF658007D480D /* StorageService.swift in Sources */,
				97802CEC225CFF40007D480D /* EventView.swift in Sources */,
				97025F942257EA1100273C91 /* AppDelegate.swift in Sources */,
				97802D10225E49AD007D480D /* InvitedView.swift in Sources */,
				97802CC8225CF658007D480D /* DBService+User.swift in Sources */,
				97802CFD225D021A007D480D /* EventDetailsView.swift in Sources */,
				97802CCA225CF658007D480D /* DBService.swift in Sources */,
				936AC7BA2266247700CBD407 /* DBService+Friends.swift in Sources */,
			);
			runOnlyForDeploymentPostprocessing = 0;
		};
/* End PBXSourcesBuildPhase section */

/* Begin PBXVariantGroup section */
		97025F972257EA1100273C91 /* Main.storyboard */ = {
			isa = PBXVariantGroup;
			children = (
				97025F982257EA1100273C91 /* Base */,
			);
			name = Main.storyboard;
			sourceTree = "<group>";
		};
		97025F9C2257EA1200273C91 /* LaunchScreen.storyboard */ = {
			isa = PBXVariantGroup;
			children = (
				97025F9D2257EA1200273C91 /* Base */,
			);
			name = LaunchScreen.storyboard;
			sourceTree = "<group>";
		};
/* End PBXVariantGroup section */

/* Begin XCBuildConfiguration section */
		97025FA02257EA1200273C91 /* Debug */ = {
			isa = XCBuildConfiguration;
			buildSettings = {
				ALWAYS_SEARCH_USER_PATHS = NO;
				CLANG_ANALYZER_NONNULL = YES;
				CLANG_ANALYZER_NUMBER_OBJECT_CONVERSION = YES_AGGRESSIVE;
				CLANG_CXX_LANGUAGE_STANDARD = "gnu++14";
				CLANG_CXX_LIBRARY = "libc++";
				CLANG_ENABLE_MODULES = YES;
				CLANG_ENABLE_OBJC_ARC = YES;
				CLANG_ENABLE_OBJC_WEAK = YES;
				CLANG_WARN_BLOCK_CAPTURE_AUTORELEASING = YES;
				CLANG_WARN_BOOL_CONVERSION = YES;
				CLANG_WARN_COMMA = YES;
				CLANG_WARN_CONSTANT_CONVERSION = YES;
				CLANG_WARN_DEPRECATED_OBJC_IMPLEMENTATIONS = YES;
				CLANG_WARN_DIRECT_OBJC_ISA_USAGE = YES_ERROR;
				CLANG_WARN_DOCUMENTATION_COMMENTS = YES;
				CLANG_WARN_EMPTY_BODY = YES;
				CLANG_WARN_ENUM_CONVERSION = YES;
				CLANG_WARN_INFINITE_RECURSION = YES;
				CLANG_WARN_INT_CONVERSION = YES;
				CLANG_WARN_NON_LITERAL_NULL_CONVERSION = YES;
				CLANG_WARN_OBJC_IMPLICIT_RETAIN_SELF = YES;
				CLANG_WARN_OBJC_LITERAL_CONVERSION = YES;
				CLANG_WARN_OBJC_ROOT_CLASS = YES_ERROR;
				CLANG_WARN_RANGE_LOOP_ANALYSIS = YES;
				CLANG_WARN_STRICT_PROTOTYPES = YES;
				CLANG_WARN_SUSPICIOUS_MOVE = YES;
				CLANG_WARN_UNGUARDED_AVAILABILITY = YES_AGGRESSIVE;
				CLANG_WARN_UNREACHABLE_CODE = YES;
				CLANG_WARN__DUPLICATE_METHOD_MATCH = YES;
				CODE_SIGN_IDENTITY = "iPhone Developer";
				COPY_PHASE_STRIP = NO;
				DEBUG_INFORMATION_FORMAT = dwarf;
				ENABLE_STRICT_OBJC_MSGSEND = YES;
				ENABLE_TESTABILITY = YES;
				GCC_C_LANGUAGE_STANDARD = gnu11;
				GCC_DYNAMIC_NO_PIC = NO;
				GCC_NO_COMMON_BLOCKS = YES;
				GCC_OPTIMIZATION_LEVEL = 0;
				GCC_PREPROCESSOR_DEFINITIONS = (
					"DEBUG=1",
					"$(inherited)",
				);
				GCC_WARN_64_TO_32_BIT_CONVERSION = YES;
				GCC_WARN_ABOUT_RETURN_TYPE = YES_ERROR;
				GCC_WARN_UNDECLARED_SELECTOR = YES;
				GCC_WARN_UNINITIALIZED_AUTOS = YES_AGGRESSIVE;
				GCC_WARN_UNUSED_FUNCTION = YES;
				GCC_WARN_UNUSED_VARIABLE = YES;
				IPHONEOS_DEPLOYMENT_TARGET = 12.1;
				MTL_ENABLE_DEBUG_INFO = INCLUDE_SOURCE;
				MTL_FAST_MATH = YES;
				ONLY_ACTIVE_ARCH = YES;
				SDKROOT = iphoneos;
				SWIFT_ACTIVE_COMPILATION_CONDITIONS = DEBUG;
				SWIFT_OPTIMIZATION_LEVEL = "-Onone";
			};
			name = Debug;
		};
		97025FA12257EA1200273C91 /* Release */ = {
			isa = XCBuildConfiguration;
			buildSettings = {
				ALWAYS_SEARCH_USER_PATHS = NO;
				CLANG_ANALYZER_NONNULL = YES;
				CLANG_ANALYZER_NUMBER_OBJECT_CONVERSION = YES_AGGRESSIVE;
				CLANG_CXX_LANGUAGE_STANDARD = "gnu++14";
				CLANG_CXX_LIBRARY = "libc++";
				CLANG_ENABLE_MODULES = YES;
				CLANG_ENABLE_OBJC_ARC = YES;
				CLANG_ENABLE_OBJC_WEAK = YES;
				CLANG_WARN_BLOCK_CAPTURE_AUTORELEASING = YES;
				CLANG_WARN_BOOL_CONVERSION = YES;
				CLANG_WARN_COMMA = YES;
				CLANG_WARN_CONSTANT_CONVERSION = YES;
				CLANG_WARN_DEPRECATED_OBJC_IMPLEMENTATIONS = YES;
				CLANG_WARN_DIRECT_OBJC_ISA_USAGE = YES_ERROR;
				CLANG_WARN_DOCUMENTATION_COMMENTS = YES;
				CLANG_WARN_EMPTY_BODY = YES;
				CLANG_WARN_ENUM_CONVERSION = YES;
				CLANG_WARN_INFINITE_RECURSION = YES;
				CLANG_WARN_INT_CONVERSION = YES;
				CLANG_WARN_NON_LITERAL_NULL_CONVERSION = YES;
				CLANG_WARN_OBJC_IMPLICIT_RETAIN_SELF = YES;
				CLANG_WARN_OBJC_LITERAL_CONVERSION = YES;
				CLANG_WARN_OBJC_ROOT_CLASS = YES_ERROR;
				CLANG_WARN_RANGE_LOOP_ANALYSIS = YES;
				CLANG_WARN_STRICT_PROTOTYPES = YES;
				CLANG_WARN_SUSPICIOUS_MOVE = YES;
				CLANG_WARN_UNGUARDED_AVAILABILITY = YES_AGGRESSIVE;
				CLANG_WARN_UNREACHABLE_CODE = YES;
				CLANG_WARN__DUPLICATE_METHOD_MATCH = YES;
				CODE_SIGN_IDENTITY = "iPhone Developer";
				COPY_PHASE_STRIP = NO;
				DEBUG_INFORMATION_FORMAT = "dwarf-with-dsym";
				ENABLE_NS_ASSERTIONS = NO;
				ENABLE_STRICT_OBJC_MSGSEND = YES;
				GCC_C_LANGUAGE_STANDARD = gnu11;
				GCC_NO_COMMON_BLOCKS = YES;
				GCC_WARN_64_TO_32_BIT_CONVERSION = YES;
				GCC_WARN_ABOUT_RETURN_TYPE = YES_ERROR;
				GCC_WARN_UNDECLARED_SELECTOR = YES;
				GCC_WARN_UNINITIALIZED_AUTOS = YES_AGGRESSIVE;
				GCC_WARN_UNUSED_FUNCTION = YES;
				GCC_WARN_UNUSED_VARIABLE = YES;
				IPHONEOS_DEPLOYMENT_TARGET = 12.1;
				MTL_ENABLE_DEBUG_INFO = NO;
				MTL_FAST_MATH = YES;
				SDKROOT = iphoneos;
				SWIFT_COMPILATION_MODE = wholemodule;
				SWIFT_OPTIMIZATION_LEVEL = "-O";
				VALIDATE_PRODUCT = YES;
			};
			name = Release;
		};
		97025FA32257EA1200273C91 /* Debug */ = {
			isa = XCBuildConfiguration;
			baseConfigurationReference = 682BF4BA13CA0D365D3D99CE /* Pods-FlockApp.debug.xcconfig */;
			buildSettings = {
				ASSETCATALOG_COMPILER_APPICON_NAME = AppIcon;
				CODE_SIGN_STYLE = Automatic;
				DEVELOPMENT_TEAM = VH9A32XL3Y;
				INFOPLIST_FILE = FlockApp/Info.plist;
				IPHONEOS_DEPLOYMENT_TARGET = 12.0;
				LD_RUNPATH_SEARCH_PATHS = (
					"$(inherited)",
					"@executable_path/Frameworks",
				);
				PRODUCT_BUNDLE_IDENTIFIER = FlockAppa;
				PRODUCT_NAME = "$(TARGET_NAME)";
				SWIFT_VERSION = 4.2;
				TARGETED_DEVICE_FAMILY = "1,2";
			};
			name = Debug;
		};
		97025FA42257EA1200273C91 /* Release */ = {
			isa = XCBuildConfiguration;
			baseConfigurationReference = CC7C799A184F28588052BCD1 /* Pods-FlockApp.release.xcconfig */;
			buildSettings = {
				ASSETCATALOG_COMPILER_APPICON_NAME = AppIcon;
				CODE_SIGN_STYLE = Automatic;
				DEVELOPMENT_TEAM = VH9A32XL3Y;
				INFOPLIST_FILE = FlockApp/Info.plist;
				IPHONEOS_DEPLOYMENT_TARGET = 12.0;
				LD_RUNPATH_SEARCH_PATHS = (
					"$(inherited)",
					"@executable_path/Frameworks",
				);
				PRODUCT_BUNDLE_IDENTIFIER = FlockAppa;
				PRODUCT_NAME = "$(TARGET_NAME)";
				SWIFT_VERSION = 4.2;
				TARGETED_DEVICE_FAMILY = "1,2";
			};
			name = Release;
		};
/* End XCBuildConfiguration section */

/* Begin XCConfigurationList section */
		97025F8B2257EA1100273C91 /* Build configuration list for PBXProject "FlockApp" */ = {
			isa = XCConfigurationList;
			buildConfigurations = (
				97025FA02257EA1200273C91 /* Debug */,
				97025FA12257EA1200273C91 /* Release */,
			);
			defaultConfigurationIsVisible = 0;
			defaultConfigurationName = Release;
		};
		97025FA22257EA1200273C91 /* Build configuration list for PBXNativeTarget "FlockApp" */ = {
			isa = XCConfigurationList;
			buildConfigurations = (
				97025FA32257EA1200273C91 /* Debug */,
				97025FA42257EA1200273C91 /* Release */,
			);
			defaultConfigurationIsVisible = 0;
			defaultConfigurationName = Release;
		};
/* End XCConfigurationList section */
	};
	rootObject = 97025F882257EA1100273C91 /* Project object */;
}
